// !$*UTF8*$!
{
	archiveVersion = 1;
	classes = {
	};
	objectVersion = 46;
	objects = {

/* Begin PBXBuildFile section */
		6316126A1AB8D29A006EA71C /* main.m in Sources */ = {isa = PBXBuildFile; fileRef = 631612691AB8D29A006EA71C /* main.m */; };
		6316126D1AB8D29B006EA71C /* AppDelegate.m in Sources */ = {isa = PBXBuildFile; fileRef = 6316126C1AB8D29B006EA71C /* AppDelegate.m */; };
		631612781AB8D29E006EA71C /* LaunchScreen.xib in Resources */ = {isa = PBXBuildFile; fileRef = 631612761AB8D29E006EA71C /* LaunchScreen.xib */; };
		6316128F1AB8D49B006EA71C /* ACBrowserViewController.m in Sources */ = {isa = PBXBuildFile; fileRef = 6316128E1AB8D49B006EA71C /* ACBrowserViewController.m */; };
		631612921AB8DDD0006EA71C /* ACDownloadTypesController.m in Sources */ = {isa = PBXBuildFile; fileRef = 631612911AB8DDD0006EA71C /* ACDownloadTypesController.m */; };
		631612951AB8DDF4006EA71C /* DownloadTypes.plist in Resources */ = {isa = PBXBuildFile; fileRef = 631612931AB8DDF4006EA71C /* DownloadTypes.plist */; };
		631612961AB8DDF4006EA71C /* MimeTypes.plist in Resources */ = {isa = PBXBuildFile; fileRef = 631612941AB8DDF4006EA71C /* MimeTypes.plist */; };
		631612A01AB8E1C6006EA71C /* ACDownloadManager.m in Sources */ = {isa = PBXBuildFile; fileRef = 6316129F1AB8E1C6006EA71C /* ACDownloadManager.m */; };
		6316132D1AB8E5CD006EA71C /* CoreImage.framework in Frameworks */ = {isa = PBXBuildFile; fileRef = 6316132C1AB8E5CD006EA71C /* CoreImage.framework */; };
		6316132F1AB8E5D1006EA71C /* QuartzCore.framework in Frameworks */ = {isa = PBXBuildFile; fileRef = 6316132E1AB8E5D1006EA71C /* QuartzCore.framework */; };
		631613311AB8E5D5006EA71C /* libz.dylib in Frameworks */ = {isa = PBXBuildFile; fileRef = 631613301AB8E5D5006EA71C /* libz.dylib */; };
		631613331AB8E5DA006EA71C /* AVFoundation.framework in Frameworks */ = {isa = PBXBuildFile; fileRef = 631613321AB8E5DA006EA71C /* AVFoundation.framework */; };
		631613351AB8E5E7006EA71C /* MediaPlayer.framework in Frameworks */ = {isa = PBXBuildFile; fileRef = 631613341AB8E5E7006EA71C /* MediaPlayer.framework */; };
		631613961AB8FC76006EA71C /* ACSettingsTableViewController.m in Sources */ = {isa = PBXBuildFile; fileRef = 631613951AB8FC76006EA71C /* ACSettingsTableViewController.m */; };
		6316139A1AB9032F006EA71C /* Icon-60@2x.png in Resources */ = {isa = PBXBuildFile; fileRef = 631613981AB9032F006EA71C /* Icon-60@2x.png */; };
		6316139C1AB9035C006EA71C /* Media.xcassets in Resources */ = {isa = PBXBuildFile; fileRef = 6316139B1AB9035C006EA71C /* Media.xcassets */; };
		631613A01AB906CE006EA71C /* ACColorSchemeController.m in Sources */ = {isa = PBXBuildFile; fileRef = 6316139E1AB906CE006EA71C /* ACColorSchemeController.m */; };
		631613A11AB906CE006EA71C /* ACColorSchemeController.xib in Resources */ = {isa = PBXBuildFile; fileRef = 6316139F1AB906CE006EA71C /* ACColorSchemeController.xib */; };
		63F4FFD81AC35FE20058874B /* ACiCloudViewController.m in Sources */ = {isa = PBXBuildFile; fileRef = 63F4FFD71AC35FE20058874B /* ACiCloudViewController.m */; };
		AB179F701B956FB90006F20D /* file_filled-50@2x.png in Resources */ = {isa = PBXBuildFile; fileRef = AB179F6B1B956FB90006F20D /* file_filled-50@2x.png */; };
		AB179F711B956FB90006F20D /* file-50@2x.png in Resources */ = {isa = PBXBuildFile; fileRef = AB179F6C1B956FB90006F20D /* file-50@2x.png */; };
		AB179F721B956FB90006F20D /* medium_icons_filled-50@2x.png in Resources */ = {isa = PBXBuildFile; fileRef = AB179F6D1B956FB90006F20D /* medium_icons_filled-50@2x.png */; };
		AB179F731B956FB90006F20D /* medium_icons-50@2x.png in Resources */ = {isa = PBXBuildFile; fileRef = AB179F6E1B956FB90006F20D /* medium_icons-50@2x.png */; };
		AB179F741B956FB90006F20D /* installing_updates-50@2x.png in Resources */ = {isa = PBXBuildFile; fileRef = AB179F6F1B956FB90006F20D /* installing_updates-50@2x.png */; };
		AB2AB1191B97E52F00D7A8B6 /* ACTextField.m in Sources */ = {isa = PBXBuildFile; fileRef = AB2AB1181B97E52F00D7A8B6 /* ACTextField.m */; };
		AB38E9A51B935E5B00F73C18 /* WebKit.framework in Frameworks */ = {isa = PBXBuildFile; fileRef = AB38E9A41B935E5B00F73C18 /* WebKit.framework */; };
		AB38E9AF1B939C2900F73C18 /* libtag.a in Frameworks */ = {isa = PBXBuildFile; fileRef = AB38E9AE1B939C2900F73C18 /* libtag.a */; };
		AB38E9C41B93CAC700F73C18 /* bluetooth-50@2x.png in Resources */ = {isa = PBXBuildFile; fileRef = AB38E9C31B93CAC700F73C18 /* bluetooth-50@2x.png */; };
		AB38E9C91B93CB9200F73C18 /* download@2x.png in Resources */ = {isa = PBXBuildFile; fileRef = AB38E9C81B93CB9200F73C18 /* download@2x.png */; };
		AB38E9CE1B93FFA000F73C18 /* back-50@2x.png in Resources */ = {isa = PBXBuildFile; fileRef = AB38E9CD1B93FFA000F73C18 /* back-50@2x.png */; };
		AB38E9D01B93FFCD00F73C18 /* archive-50@2x.png in Resources */ = {isa = PBXBuildFile; fileRef = AB38E9CF1B93FFCD00F73C18 /* archive-50@2x.png */; };
		AB38E9D21B94030300F73C18 /* secure@2x.png in Resources */ = {isa = PBXBuildFile; fileRef = AB38E9D11B94030300F73C18 /* secure@2x.png */; };
		AB38E9D41B9405E200F73C18 /* forward-50@2x.png in Resources */ = {isa = PBXBuildFile; fileRef = AB38E9D31B9405E200F73C18 /* forward-50@2x.png */; };
		AB38E9D71B94078B00F73C18 /* cloud_storage_filled-50@2x.png in Resources */ = {isa = PBXBuildFile; fileRef = AB38E9D51B94078B00F73C18 /* cloud_storage_filled-50@2x.png */; };
		AB38E9D81B94078B00F73C18 /* cloud_storage-50@2x.png in Resources */ = {isa = PBXBuildFile; fileRef = AB38E9D61B94078B00F73C18 /* cloud_storage-50@2x.png */; };
		AB38E9DE1B94144800F73C18 /* domain-50@2x.png in Resources */ = {isa = PBXBuildFile; fileRef = AB38E9DD1B94144800F73C18 /* domain-50@2x.png */; };
		AB38E9E01B94144D00F73C18 /* domain_filled-50@2x.png in Resources */ = {isa = PBXBuildFile; fileRef = AB38E9DF1B94144D00F73C18 /* domain_filled-50@2x.png */; };
		AB38E9E51B94EFC300F73C18 /* DefaultIcons.zip in Resources */ = {isa = PBXBuildFile; fileRef = AB38E9E41B94EFC300F73C18 /* DefaultIcons.zip */; };
		AB667B0A1B90F8A60043E285 /* libstdc++.dylib in Frameworks */ = {isa = PBXBuildFile; fileRef = AB667B091B90F8A60043E285 /* libstdc++.dylib */; };
		ABBFBCA51B8508A000A5453F /* CLFileNavigatorKit.framework in Frameworks */ = {isa = PBXBuildFile; fileRef = ABBFBCA31B85089100A5453F /* CLFileNavigatorKit.framework */; };
		ABBFBCA61B8508A000A5453F /* CLFileNavigatorKit.framework in Embed Frameworks */ = {isa = PBXBuildFile; fileRef = ABBFBCA31B85089100A5453F /* CLFileNavigatorKit.framework */; settings = {ATTRIBUTES = (CodeSignOnCopy, RemoveHeadersOnCopy, ); }; };
		ABBFBCDC1B86393400A5453F /* fast-forward@2x.png in Resources */ = {isa = PBXBuildFile; fileRef = ABBFBCD31B86393400A5453F /* fast-forward@2x.png */; };
		ABBFBCDD1B86393400A5453F /* pause@2x.png in Resources */ = {isa = PBXBuildFile; fileRef = ABBFBCD41B86393400A5453F /* pause@2x.png */; };
		ABBFBCDE1B86393400A5453F /* play@2x.png in Resources */ = {isa = PBXBuildFile; fileRef = ABBFBCD51B86393400A5453F /* play@2x.png */; };
		ABBFBCDF1B86393400A5453F /* rewind@2x.png in Resources */ = {isa = PBXBuildFile; fileRef = ABBFBCD61B86393400A5453F /* rewind@2x.png */; };
		ABBFBCE01B86393400A5453F /* fast-forward@3x.png in Resources */ = {isa = PBXBuildFile; fileRef = ABBFBCD71B86393400A5453F /* fast-forward@3x.png */; };
		ABBFBCE11B86393400A5453F /* pause@3x.png in Resources */ = {isa = PBXBuildFile; fileRef = ABBFBCD81B86393400A5453F /* pause@3x.png */; };
		ABBFBCE21B86393400A5453F /* play@3x.png in Resources */ = {isa = PBXBuildFile; fileRef = ABBFBCD91B86393400A5453F /* play@3x.png */; };
		ABBFBCE31B86393400A5453F /* rewind@3x.png in Resources */ = {isa = PBXBuildFile; fileRef = ABBFBCDA1B86393400A5453F /* rewind@3x.png */; };
		ABBFBCE41B86393400A5453F /* CLAudioPlayerViewController.xib in Resources */ = {isa = PBXBuildFile; fileRef = ABBFBCDB1B86393400A5453F /* CLAudioPlayerViewController.xib */; };
		ABBFBCF41B86407200A5453F /* noart@2x.png in Resources */ = {isa = PBXBuildFile; fileRef = ABBFBCF21B86407200A5453F /* noart@2x.png */; };
		ABBFBCF51B86407200A5453F /* noart@3x.png in Resources */ = {isa = PBXBuildFile; fileRef = ABBFBCF31B86407200A5453F /* noart@3x.png */; };
		ABD69BB91B84F8A9002910C2 /* FileTypes.json in Resources */ = {isa = PBXBuildFile; fileRef = ABD69BB71B84F8A9002910C2 /* FileTypes.json */; };
		ABD69BBA1B84F8A9002910C2 /* CLFileCell.xib in Resources */ = {isa = PBXBuildFile; fileRef = ABD69BB81B84F8A9002910C2 /* CLFileCell.xib */; };
		ABF435891B8997D1002D4557 /* transparency@2x.jpg in Resources */ = {isa = PBXBuildFile; fileRef = ABF435881B8997D1002D4557 /* transparency@2x.jpg */; };
/* End PBXBuildFile section */

/* Begin PBXCopyFilesBuildPhase section */
		ABF8CA881B56F2EA00747A0E /* Embed Frameworks */ = {
			isa = PBXCopyFilesBuildPhase;
			buildActionMask = 2147483647;
			dstPath = "";
			dstSubfolderSpec = 10;
			files = (
				ABBFBCA61B8508A000A5453F /* CLFileNavigatorKit.framework in Embed Frameworks */,
			);
			name = "Embed Frameworks";
			runOnlyForDeploymentPostprocessing = 0;
		};
/* End PBXCopyFilesBuildPhase section */

/* Begin PBXFileReference section */
		631612641AB8D299006EA71C /* Download Manager.app */ = {isa = PBXFileReference; explicitFileType = wrapper.application; includeInIndex = 0; path = "Download Manager.app"; sourceTree = BUILT_PRODUCTS_DIR; };
		631612681AB8D29A006EA71C /* Info.plist */ = {isa = PBXFileReference; lastKnownFileType = text.plist.xml; path = Info.plist; sourceTree = "<group>"; };
		631612691AB8D29A006EA71C /* main.m */ = {isa = PBXFileReference; lastKnownFileType = sourcecode.c.objc; path = main.m; sourceTree = "<group>"; };
		6316126B1AB8D29A006EA71C /* AppDelegate.h */ = {isa = PBXFileReference; lastKnownFileType = sourcecode.c.h; path = AppDelegate.h; sourceTree = "<group>"; };
		6316126C1AB8D29B006EA71C /* AppDelegate.m */ = {isa = PBXFileReference; lastKnownFileType = sourcecode.c.objc; path = AppDelegate.m; sourceTree = "<group>"; };
		631612771AB8D29E006EA71C /* Base */ = {isa = PBXFileReference; lastKnownFileType = file.xib; name = Base; path = Base.lproj/LaunchScreen.xib; sourceTree = "<group>"; };
		6316128D1AB8D49B006EA71C /* ACBrowserViewController.h */ = {isa = PBXFileReference; fileEncoding = 4; lastKnownFileType = sourcecode.c.h; path = ACBrowserViewController.h; sourceTree = "<group>"; };
		6316128E1AB8D49B006EA71C /* ACBrowserViewController.m */ = {isa = PBXFileReference; fileEncoding = 4; lastKnownFileType = sourcecode.c.objc; path = ACBrowserViewController.m; sourceTree = "<group>"; };
		631612901AB8DDD0006EA71C /* ACDownloadTypesController.h */ = {isa = PBXFileReference; fileEncoding = 4; lastKnownFileType = sourcecode.c.h; path = ACDownloadTypesController.h; sourceTree = "<group>"; };
		631612911AB8DDD0006EA71C /* ACDownloadTypesController.m */ = {isa = PBXFileReference; fileEncoding = 4; lastKnownFileType = sourcecode.c.objc; path = ACDownloadTypesController.m; sourceTree = "<group>"; };
		631612931AB8DDF4006EA71C /* DownloadTypes.plist */ = {isa = PBXFileReference; fileEncoding = 4; lastKnownFileType = text.plist.xml; path = DownloadTypes.plist; sourceTree = "<group>"; };
		631612941AB8DDF4006EA71C /* MimeTypes.plist */ = {isa = PBXFileReference; fileEncoding = 4; lastKnownFileType = text.plist.xml; path = MimeTypes.plist; sourceTree = "<group>"; };
		6316129E1AB8E1C6006EA71C /* ACDownloadManager.h */ = {isa = PBXFileReference; fileEncoding = 4; lastKnownFileType = sourcecode.c.h; path = ACDownloadManager.h; sourceTree = "<group>"; };
		6316129F1AB8E1C6006EA71C /* ACDownloadManager.m */ = {isa = PBXFileReference; fileEncoding = 4; lastKnownFileType = sourcecode.c.objc; path = ACDownloadManager.m; sourceTree = "<group>"; };
		6316132C1AB8E5CD006EA71C /* CoreImage.framework */ = {isa = PBXFileReference; lastKnownFileType = wrapper.framework; name = CoreImage.framework; path = System/Library/Frameworks/CoreImage.framework; sourceTree = SDKROOT; };
		6316132E1AB8E5D1006EA71C /* QuartzCore.framework */ = {isa = PBXFileReference; lastKnownFileType = wrapper.framework; name = QuartzCore.framework; path = System/Library/Frameworks/QuartzCore.framework; sourceTree = SDKROOT; };
		631613301AB8E5D5006EA71C /* libz.dylib */ = {isa = PBXFileReference; lastKnownFileType = "compiled.mach-o.dylib"; name = libz.dylib; path = usr/lib/libz.dylib; sourceTree = SDKROOT; };
		631613321AB8E5DA006EA71C /* AVFoundation.framework */ = {isa = PBXFileReference; lastKnownFileType = wrapper.framework; name = AVFoundation.framework; path = System/Library/Frameworks/AVFoundation.framework; sourceTree = SDKROOT; };
		631613341AB8E5E7006EA71C /* MediaPlayer.framework */ = {isa = PBXFileReference; lastKnownFileType = wrapper.framework; name = MediaPlayer.framework; path = System/Library/Frameworks/MediaPlayer.framework; sourceTree = SDKROOT; };
		631613941AB8FC76006EA71C /* ACSettingsTableViewController.h */ = {isa = PBXFileReference; fileEncoding = 4; lastKnownFileType = sourcecode.c.h; path = ACSettingsTableViewController.h; sourceTree = "<group>"; };
		631613951AB8FC76006EA71C /* ACSettingsTableViewController.m */ = {isa = PBXFileReference; fileEncoding = 4; lastKnownFileType = sourcecode.c.objc; path = ACSettingsTableViewController.m; sourceTree = "<group>"; };
		631613981AB9032F006EA71C /* Icon-60@2x.png */ = {isa = PBXFileReference; lastKnownFileType = image.png; path = "Icon-60@2x.png"; sourceTree = "<group>"; };
		6316139B1AB9035C006EA71C /* Media.xcassets */ = {isa = PBXFileReference; lastKnownFileType = folder.assetcatalog; path = Media.xcassets; sourceTree = "<group>"; };
		6316139D1AB906CE006EA71C /* ACColorSchemeController.h */ = {isa = PBXFileReference; fileEncoding = 4; lastKnownFileType = sourcecode.c.h; path = ACColorSchemeController.h; sourceTree = "<group>"; };
		6316139E1AB906CE006EA71C /* ACColorSchemeController.m */ = {isa = PBXFileReference; fileEncoding = 4; lastKnownFileType = sourcecode.c.objc; path = ACColorSchemeController.m; sourceTree = "<group>"; };
		6316139F1AB906CE006EA71C /* ACColorSchemeController.xib */ = {isa = PBXFileReference; fileEncoding = 4; lastKnownFileType = file.xib; path = ACColorSchemeController.xib; sourceTree = "<group>"; };
		63F4FFD11AC35C340058874B /* Download Manager.entitlements */ = {isa = PBXFileReference; lastKnownFileType = text.xml; path = "Download Manager.entitlements"; sourceTree = "<group>"; };
		63F4FFD61AC35FE20058874B /* ACiCloudViewController.h */ = {isa = PBXFileReference; fileEncoding = 4; lastKnownFileType = sourcecode.c.h; path = ACiCloudViewController.h; sourceTree = "<group>"; };
		63F4FFD71AC35FE20058874B /* ACiCloudViewController.m */ = {isa = PBXFileReference; fileEncoding = 4; lastKnownFileType = sourcecode.c.objc; path = ACiCloudViewController.m; sourceTree = "<group>"; };
		AB179F6B1B956FB90006F20D /* file_filled-50@2x.png */ = {isa = PBXFileReference; lastKnownFileType = image.png; path = "file_filled-50@2x.png"; sourceTree = "<group>"; };
		AB179F6C1B956FB90006F20D /* file-50@2x.png */ = {isa = PBXFileReference; lastKnownFileType = image.png; path = "file-50@2x.png"; sourceTree = "<group>"; };
		AB179F6D1B956FB90006F20D /* medium_icons_filled-50@2x.png */ = {isa = PBXFileReference; lastKnownFileType = image.png; path = "medium_icons_filled-50@2x.png"; sourceTree = "<group>"; };
		AB179F6E1B956FB90006F20D /* medium_icons-50@2x.png */ = {isa = PBXFileReference; lastKnownFileType = image.png; path = "medium_icons-50@2x.png"; sourceTree = "<group>"; };
		AB179F6F1B956FB90006F20D /* installing_updates-50@2x.png */ = {isa = PBXFileReference; lastKnownFileType = image.png; path = "installing_updates-50@2x.png"; sourceTree = "<group>"; };
		AB2AB1171B97E52F00D7A8B6 /* ACTextField.h */ = {isa = PBXFileReference; fileEncoding = 4; lastKnownFileType = sourcecode.c.h; path = ACTextField.h; sourceTree = "<group>"; };
		AB2AB1181B97E52F00D7A8B6 /* ACTextField.m */ = {isa = PBXFileReference; fileEncoding = 4; lastKnownFileType = sourcecode.c.objc; path = ACTextField.m; sourceTree = "<group>"; };
		AB38E9A41B935E5B00F73C18 /* WebKit.framework */ = {isa = PBXFileReference; lastKnownFileType = wrapper.framework; name = WebKit.framework; path = System/Library/Frameworks/WebKit.framework; sourceTree = SDKROOT; };
		AB38E9AE1B939C2900F73C18 /* libtag.a */ = {isa = PBXFileReference; lastKnownFileType = archive.ar; name = libtag.a; path = "../../Downloads/taglib-1.9.1/taglib/Debug-iphoneos/libtag.a"; sourceTree = "<group>"; };
		AB38E9C31B93CAC700F73C18 /* bluetooth-50@2x.png */ = {isa = PBXFileReference; lastKnownFileType = image.png; path = "bluetooth-50@2x.png"; sourceTree = "<group>"; };
		AB38E9C81B93CB9200F73C18 /* download@2x.png */ = {isa = PBXFileReference; lastKnownFileType = image.png; path = "download@2x.png"; sourceTree = "<group>"; };
		AB38E9CD1B93FFA000F73C18 /* back-50@2x.png */ = {isa = PBXFileReference; lastKnownFileType = image.png; path = "back-50@2x.png"; sourceTree = "<group>"; };
		AB38E9CF1B93FFCD00F73C18 /* archive-50@2x.png */ = {isa = PBXFileReference; lastKnownFileType = image.png; path = "archive-50@2x.png"; sourceTree = "<group>"; };
		AB38E9D11B94030300F73C18 /* secure@2x.png */ = {isa = PBXFileReference; lastKnownFileType = image.png; path = "secure@2x.png"; sourceTree = "<group>"; };
		AB38E9D31B9405E200F73C18 /* forward-50@2x.png */ = {isa = PBXFileReference; lastKnownFileType = image.png; path = "forward-50@2x.png"; sourceTree = "<group>"; };
		AB38E9D51B94078B00F73C18 /* cloud_storage_filled-50@2x.png */ = {isa = PBXFileReference; lastKnownFileType = image.png; path = "cloud_storage_filled-50@2x.png"; sourceTree = "<group>"; };
		AB38E9D61B94078B00F73C18 /* cloud_storage-50@2x.png */ = {isa = PBXFileReference; lastKnownFileType = image.png; path = "cloud_storage-50@2x.png"; sourceTree = "<group>"; };
		AB38E9DD1B94144800F73C18 /* domain-50@2x.png */ = {isa = PBXFileReference; lastKnownFileType = image.png; path = "domain-50@2x.png"; sourceTree = "<group>"; };
		AB38E9DF1B94144D00F73C18 /* domain_filled-50@2x.png */ = {isa = PBXFileReference; lastKnownFileType = image.png; path = "domain_filled-50@2x.png"; sourceTree = "<group>"; };
		AB38E9E41B94EFC300F73C18 /* DefaultIcons.zip */ = {isa = PBXFileReference; lastKnownFileType = archive.zip; path = DefaultIcons.zip; sourceTree = "<group>"; };
		AB667B091B90F8A60043E285 /* libstdc++.dylib */ = {isa = PBXFileReference; lastKnownFileType = "compiled.mach-o.dylib"; name = "libstdc++.dylib"; path = "usr/lib/libstdc++.dylib"; sourceTree = SDKROOT; };
		ABBFBCA31B85089100A5453F /* CLFileNavigatorKit.framework */ = {isa = PBXFileReference; lastKnownFileType = wrapper.framework; name = CLFileNavigatorKit.framework; path = "../../Library/Developer/Xcode/DerivedData/CLFileNavigator-fppatfwqdosecackugdmsglaxzmk/Build/Products/Debug-iphoneos/CLFileNavigatorKit.framework"; sourceTree = "<group>"; };
		ABBFBCD31B86393400A5453F /* fast-forward@2x.png */ = {isa = PBXFileReference; lastKnownFileType = image.png; name = "fast-forward@2x.png"; path = "../CLFileNavigator/CLFileNavigatorKit/Audio Player Resources/fast-forward@2x.png"; sourceTree = "<group>"; };
		ABBFBCD41B86393400A5453F /* pause@2x.png */ = {isa = PBXFileReference; lastKnownFileType = image.png; name = "pause@2x.png"; path = "../CLFileNavigator/CLFileNavigatorKit/Audio Player Resources/pause@2x.png"; sourceTree = "<group>"; };
		ABBFBCD51B86393400A5453F /* play@2x.png */ = {isa = PBXFileReference; lastKnownFileType = image.png; name = "play@2x.png"; path = "../CLFileNavigator/CLFileNavigatorKit/Audio Player Resources/play@2x.png"; sourceTree = "<group>"; };
		ABBFBCD61B86393400A5453F /* rewind@2x.png */ = {isa = PBXFileReference; lastKnownFileType = image.png; name = "rewind@2x.png"; path = "../CLFileNavigator/CLFileNavigatorKit/Audio Player Resources/rewind@2x.png"; sourceTree = "<group>"; };
		ABBFBCD71B86393400A5453F /* fast-forward@3x.png */ = {isa = PBXFileReference; lastKnownFileType = image.png; name = "fast-forward@3x.png"; path = "../CLFileNavigator/CLFileNavigatorKit/Audio Player Resources/fast-forward@3x.png"; sourceTree = "<group>"; };
		ABBFBCD81B86393400A5453F /* pause@3x.png */ = {isa = PBXFileReference; lastKnownFileType = image.png; name = "pause@3x.png"; path = "../CLFileNavigator/CLFileNavigatorKit/Audio Player Resources/pause@3x.png"; sourceTree = "<group>"; };
		ABBFBCD91B86393400A5453F /* play@3x.png */ = {isa = PBXFileReference; lastKnownFileType = image.png; name = "play@3x.png"; path = "../CLFileNavigator/CLFileNavigatorKit/Audio Player Resources/play@3x.png"; sourceTree = "<group>"; };
		ABBFBCDA1B86393400A5453F /* rewind@3x.png */ = {isa = PBXFileReference; lastKnownFileType = image.png; name = "rewind@3x.png"; path = "../CLFileNavigator/CLFileNavigatorKit/Audio Player Resources/rewind@3x.png"; sourceTree = "<group>"; };
		ABBFBCDB1B86393400A5453F /* CLAudioPlayerViewController.xib */ = {isa = PBXFileReference; fileEncoding = 4; lastKnownFileType = file.xib; name = CLAudioPlayerViewController.xib; path = ../CLFileNavigator/CLFileNavigatorKit/CLAudioPlayerViewController.xib; sourceTree = "<group>"; };
		ABBFBCF21B86407200A5453F /* noart@2x.png */ = {isa = PBXFileReference; lastKnownFileType = image.png; name = "noart@2x.png"; path = "../CLFileNavigator/CLFileNavigatorKit/Audio Player Resources/noart@2x.png"; sourceTree = "<group>"; };
		ABBFBCF31B86407200A5453F /* noart@3x.png */ = {isa = PBXFileReference; lastKnownFileType = image.png; name = "noart@3x.png"; path = "../CLFileNavigator/CLFileNavigatorKit/Audio Player Resources/noart@3x.png"; sourceTree = "<group>"; };
		ABD69BB71B84F8A9002910C2 /* FileTypes.json */ = {isa = PBXFileReference; fileEncoding = 4; lastKnownFileType = text.json; name = FileTypes.json; path = ../CLFileNavigator/CLFileNavigatorKit/FileTypes.json; sourceTree = "<group>"; };
		ABD69BB81B84F8A9002910C2 /* CLFileCell.xib */ = {isa = PBXFileReference; fileEncoding = 4; lastKnownFileType = file.xib; name = CLFileCell.xib; path = ../CLFileNavigator/CLFileNavigatorKit/CLFileCell.xib; sourceTree = "<group>"; };
		ABF435881B8997D1002D4557 /* transparency@2x.jpg */ = {isa = PBXFileReference; lastKnownFileType = image.jpeg; name = "transparency@2x.jpg"; path = "../CLFileNavigator/CLFileNavigatorKit/transparency@2x.jpg"; sourceTree = "<group>"; };
/* End PBXFileReference section */

/* Begin PBXFrameworksBuildPhase section */
		631612611AB8D297006EA71C /* Frameworks */ = {
			isa = PBXFrameworksBuildPhase;
			buildActionMask = 2147483647;
			files = (
				AB38E9A51B935E5B00F73C18 /* WebKit.framework in Frameworks */,
				AB667B0A1B90F8A60043E285 /* libstdc++.dylib in Frameworks */,
				631613311AB8E5D5006EA71C /* libz.dylib in Frameworks */,
				ABBFBCA51B8508A000A5453F /* CLFileNavigatorKit.framework in Frameworks */,
				631613351AB8E5E7006EA71C /* MediaPlayer.framework in Frameworks */,
				631613331AB8E5DA006EA71C /* AVFoundation.framework in Frameworks */,
				6316132F1AB8E5D1006EA71C /* QuartzCore.framework in Frameworks */,
				AB38E9AF1B939C2900F73C18 /* libtag.a in Frameworks */,
				6316132D1AB8E5CD006EA71C /* CoreImage.framework in Frameworks */,
			);
			runOnlyForDeploymentPostprocessing = 0;
		};
/* End PBXFrameworksBuildPhase section */

/* Begin PBXGroup section */
		6316125B1AB8D295006EA71C = {
			isa = PBXGroup;
			children = (
				6316139B1AB9035C006EA71C /* Media.xcassets */,
				631613361AB8E5EE006EA71C /* Frameworks */,
				631612661AB8D299006EA71C /* Download Manager */,
				631612651AB8D299006EA71C /* Products */,
			);
			sourceTree = "<group>";
		};
		631612651AB8D299006EA71C /* Products */ = {
			isa = PBXGroup;
			children = (
				631612641AB8D299006EA71C /* Download Manager.app */,
			);
			name = Products;
			sourceTree = "<group>";
		};
		631612661AB8D299006EA71C /* Download Manager */ = {
			isa = PBXGroup;
			children = (
				63F4FFD21AC35EDE0058874B /* iCloud */,
				6316126B1AB8D29A006EA71C /* AppDelegate.h */,
				6316126C1AB8D29B006EA71C /* AppDelegate.m */,
				AB2AB1161B97E50D00D7A8B6 /* Browser View Controller */,
				631613941AB8FC76006EA71C /* ACSettingsTableViewController.h */,
				631613951AB8FC76006EA71C /* ACSettingsTableViewController.m */,
				631612901AB8DDD0006EA71C /* ACDownloadTypesController.h */,
				631612911AB8DDD0006EA71C /* ACDownloadTypesController.m */,
				AB38E9C81B93CB9200F73C18 /* download@2x.png */,
				6316139D1AB906CE006EA71C /* ACColorSchemeController.h */,
				6316139E1AB906CE006EA71C /* ACColorSchemeController.m */,
				6316139F1AB906CE006EA71C /* ACColorSchemeController.xib */,
				6316129E1AB8E1C6006EA71C /* ACDownloadManager.h */,
				6316129F1AB8E1C6006EA71C /* ACDownloadManager.m */,
				6316129D1AB8DE86006EA71C /* File Types */,
				631613981AB9032F006EA71C /* Icon-60@2x.png */,
				631612761AB8D29E006EA71C /* LaunchScreen.xib */,
				631612671AB8D299006EA71C /* Supporting Files */,
			);
			path = "Download Manager";
			sourceTree = "<group>";
		};
		631612671AB8D299006EA71C /* Supporting Files */ = {
			isa = PBXGroup;
			children = (
				631612681AB8D29A006EA71C /* Info.plist */,
				631612691AB8D29A006EA71C /* main.m */,
			);
			name = "Supporting Files";
			sourceTree = "<group>";
		};
		6316129D1AB8DE86006EA71C /* File Types */ = {
			isa = PBXGroup;
			children = (
				631612931AB8DDF4006EA71C /* DownloadTypes.plist */,
				631612941AB8DDF4006EA71C /* MimeTypes.plist */,
			);
			name = "File Types";
			sourceTree = "<group>";
		};
		631613361AB8E5EE006EA71C /* Frameworks */ = {
			isa = PBXGroup;
			children = (
				AB38E9AE1B939C2900F73C18 /* libtag.a */,
				AB38E9A41B935E5B00F73C18 /* WebKit.framework */,
				AB667B091B90F8A60043E285 /* libstdc++.dylib */,
				631613301AB8E5D5006EA71C /* libz.dylib */,
				ABBFBC861B84F93B00A5453F /* CLKit Resouces */,
				ABBFBCA31B85089100A5453F /* CLFileNavigatorKit.framework */,
				631613341AB8E5E7006EA71C /* MediaPlayer.framework */,
				631613321AB8E5DA006EA71C /* AVFoundation.framework */,
				6316132E1AB8E5D1006EA71C /* QuartzCore.framework */,
				6316132C1AB8E5CD006EA71C /* CoreImage.framework */,
			);
			name = Frameworks;
			sourceTree = "<group>";
		};
		63F4FFD21AC35EDE0058874B /* iCloud */ = {
			isa = PBXGroup;
			children = (
				AB38E9D51B94078B00F73C18 /* cloud_storage_filled-50@2x.png */,
				AB38E9D61B94078B00F73C18 /* cloud_storage-50@2x.png */,
				63F4FFD11AC35C340058874B /* Download Manager.entitlements */,
				63F4FFD61AC35FE20058874B /* ACiCloudViewController.h */,
				63F4FFD71AC35FE20058874B /* ACiCloudViewController.m */,
			);
			name = iCloud;
			sourceTree = "<group>";
		};
		AB2AB1161B97E50D00D7A8B6 /* Browser View Controller */ = {
			isa = PBXGroup;
			children = (
				AB2AB1171B97E52F00D7A8B6 /* ACTextField.h */,
				AB2AB1181B97E52F00D7A8B6 /* ACTextField.m */,
				6316128D1AB8D49B006EA71C /* ACBrowserViewController.h */,
				6316128E1AB8D49B006EA71C /* ACBrowserViewController.m */,
				AB38E9D11B94030300F73C18 /* secure@2x.png */,
				AB38E9DD1B94144800F73C18 /* domain-50@2x.png */,
				AB38E9DF1B94144D00F73C18 /* domain_filled-50@2x.png */,
				AB38E9CD1B93FFA000F73C18 /* back-50@2x.png */,
				AB38E9D31B9405E200F73C18 /* forward-50@2x.png */,
			);
			name = "Browser View Controller";
			sourceTree = "<group>";
		};
		ABBFBC861B84F93B00A5453F /* CLKit Resouces */ = {
			isa = PBXGroup;
			children = (
				AB38E9E41B94EFC300F73C18 /* DefaultIcons.zip */,
				AB38E9CF1B93FFCD00F73C18 /* archive-50@2x.png */,
				AB38E9C31B93CAC700F73C18 /* bluetooth-50@2x.png */,
				ABF435881B8997D1002D4557 /* transparency@2x.jpg */,
				ABBFBCF21B86407200A5453F /* noart@2x.png */,
				ABBFBCF31B86407200A5453F /* noart@3x.png */,
				ABBFBCD31B86393400A5453F /* fast-forward@2x.png */,
				ABBFBCD41B86393400A5453F /* pause@2x.png */,
				ABBFBCD51B86393400A5453F /* play@2x.png */,
				ABBFBCD61B86393400A5453F /* rewind@2x.png */,
				ABBFBCD71B86393400A5453F /* fast-forward@3x.png */,
				ABBFBCD81B86393400A5453F /* pause@3x.png */,
				ABBFBCD91B86393400A5453F /* play@3x.png */,
				ABBFBCDA1B86393400A5453F /* rewind@3x.png */,
				ABBFBCDB1B86393400A5453F /* CLAudioPlayerViewController.xib */,
				ABD69BB71B84F8A9002910C2 /* FileTypes.json */,
				ABD69BB81B84F8A9002910C2 /* CLFileCell.xib */,
				AB179F6B1B956FB90006F20D /* file_filled-50@2x.png */,
				AB179F6C1B956FB90006F20D /* file-50@2x.png */,
				AB179F6D1B956FB90006F20D /* medium_icons_filled-50@2x.png */,
				AB179F6E1B956FB90006F20D /* medium_icons-50@2x.png */,
				AB179F6F1B956FB90006F20D /* installing_updates-50@2x.png */,
			);
			name = "CLKit Resouces";
			sourceTree = "<group>";
		};
/* End PBXGroup section */

/* Begin PBXNativeTarget section */
		631612631AB8D297006EA71C /* Download Manager */ = {
			isa = PBXNativeTarget;
			buildConfigurationList = 631612871AB8D2A3006EA71C /* Build configuration list for PBXNativeTarget "Download Manager" */;
			buildPhases = (
				631612601AB8D297006EA71C /* Sources */,
				631612611AB8D297006EA71C /* Frameworks */,
				631612621AB8D297006EA71C /* Resources */,
				ABF8CA881B56F2EA00747A0E /* Embed Frameworks */,
			);
			buildRules = (
			);
			dependencies = (
			);
			name = "Download Manager";
			productName = "Download Manager";
			productReference = 631612641AB8D299006EA71C /* Download Manager.app */;
			productType = "com.apple.product-type.application";
		};
/* End PBXNativeTarget section */

/* Begin PBXProject section */
		6316125C1AB8D296006EA71C /* Project object */ = {
			isa = PBXProject;
			attributes = {
				LastUpgradeCheck = 0640;
				ORGANIZATIONNAME = "A and C Studios";
				TargetAttributes = {
					631612631AB8D297006EA71C = {
						CreatedOnToolsVersion = 6.1;
						DevelopmentTeam = HTXY67D8WT;
						SystemCapabilities = {
							com.apple.BackgroundModes = {
								enabled = 1;
							};
							com.apple.iCloud = {
								enabled = 1;
							};
						};
					};
				};
			};
			buildConfigurationList = 6316125F1AB8D296006EA71C /* Build configuration list for PBXProject "Download Manager" */;
			compatibilityVersion = "Xcode 3.2";
			developmentRegion = English;
			hasScannedForEncodings = 0;
			knownRegions = (
				en,
				Base,
			);
			mainGroup = 6316125B1AB8D295006EA71C;
			productRefGroup = 631612651AB8D299006EA71C /* Products */;
			projectDirPath = "";
			projectRoot = "";
			targets = (
				631612631AB8D297006EA71C /* Download Manager */,
			);
		};
/* End PBXProject section */

/* Begin PBXResourcesBuildPhase section */
		631612621AB8D297006EA71C /* Resources */ = {
			isa = PBXResourcesBuildPhase;
			buildActionMask = 2147483647;
			files = (
				AB38E9C91B93CB9200F73C18 /* download@2x.png in Resources */,
				AB38E9D81B94078B00F73C18 /* cloud_storage-50@2x.png in Resources */,
				AB38E9CE1B93FFA000F73C18 /* back-50@2x.png in Resources */,
				6316139C1AB9035C006EA71C /* Media.xcassets in Resources */,
				ABBFBCE31B86393400A5453F /* rewind@3x.png in Resources */,
				ABBFBCE11B86393400A5453F /* pause@3x.png in Resources */,
				ABF435891B8997D1002D4557 /* transparency@2x.jpg in Resources */,
				AB38E9D01B93FFCD00F73C18 /* archive-50@2x.png in Resources */,
				ABD69BBA1B84F8A9002910C2 /* CLFileCell.xib in Resources */,
				AB179F731B956FB90006F20D /* medium_icons-50@2x.png in Resources */,
				AB179F711B956FB90006F20D /* file-50@2x.png in Resources */,
				ABBFBCE01B86393400A5453F /* fast-forward@3x.png in Resources */,
				ABBFBCE41B86393400A5453F /* CLAudioPlayerViewController.xib in Resources */,
				631612781AB8D29E006EA71C /* LaunchScreen.xib in Resources */,
				ABD69BB91B84F8A9002910C2 /* FileTypes.json in Resources */,
				ABBFBCF41B86407200A5453F /* noart@2x.png in Resources */,
				AB38E9C41B93CAC700F73C18 /* bluetooth-50@2x.png in Resources */,
				6316139A1AB9032F006EA71C /* Icon-60@2x.png in Resources */,
				AB38E9D21B94030300F73C18 /* secure@2x.png in Resources */,
				AB38E9DE1B94144800F73C18 /* domain-50@2x.png in Resources */,
				ABBFBCDF1B86393400A5453F /* rewind@2x.png in Resources */,
				AB179F701B956FB90006F20D /* file_filled-50@2x.png in Resources */,
				AB38E9D41B9405E200F73C18 /* forward-50@2x.png in Resources */,
				AB38E9E51B94EFC300F73C18 /* DefaultIcons.zip in Resources */,
				AB38E9D71B94078B00F73C18 /* cloud_storage_filled-50@2x.png in Resources */,
				ABBFBCDC1B86393400A5453F /* fast-forward@2x.png in Resources */,
				ABBFBCF51B86407200A5453F /* noart@3x.png in Resources */,
				631613A11AB906CE006EA71C /* ACColorSchemeController.xib in Resources */,
				AB179F721B956FB90006F20D /* medium_icons_filled-50@2x.png in Resources */,
				AB179F741B956FB90006F20D /* installing_updates-50@2x.png in Resources */,
				631612961AB8DDF4006EA71C /* MimeTypes.plist in Resources */,
				631612951AB8DDF4006EA71C /* DownloadTypes.plist in Resources */,
				ABBFBCE21B86393400A5453F /* play@3x.png in Resources */,
				ABBFBCDE1B86393400A5453F /* play@2x.png in Resources */,
				ABBFBCDD1B86393400A5453F /* pause@2x.png in Resources */,
				AB38E9E01B94144D00F73C18 /* domain_filled-50@2x.png in Resources */,
			);
			runOnlyForDeploymentPostprocessing = 0;
		};
/* End PBXResourcesBuildPhase section */

/* Begin PBXSourcesBuildPhase section */
		631612601AB8D297006EA71C /* Sources */ = {
			isa = PBXSourcesBuildPhase;
			buildActionMask = 2147483647;
			files = (
				63F4FFD81AC35FE20058874B /* ACiCloudViewController.m in Sources */,
				6316128F1AB8D49B006EA71C /* ACBrowserViewController.m in Sources */,
				6316126D1AB8D29B006EA71C /* AppDelegate.m in Sources */,
				631612A01AB8E1C6006EA71C /* ACDownloadManager.m in Sources */,
				AB2AB1191B97E52F00D7A8B6 /* ACTextField.m in Sources */,
				631613961AB8FC76006EA71C /* ACSettingsTableViewController.m in Sources */,
				631613A01AB906CE006EA71C /* ACColorSchemeController.m in Sources */,
				6316126A1AB8D29A006EA71C /* main.m in Sources */,
				631612921AB8DDD0006EA71C /* ACDownloadTypesController.m in Sources */,
			);
			runOnlyForDeploymentPostprocessing = 0;
		};
/* End PBXSourcesBuildPhase section */

/* Begin PBXVariantGroup section */
		631612761AB8D29E006EA71C /* LaunchScreen.xib */ = {
			isa = PBXVariantGroup;
			children = (
				631612771AB8D29E006EA71C /* Base */,
			);
			name = LaunchScreen.xib;
			sourceTree = "<group>";
		};
/* End PBXVariantGroup section */

/* Begin XCBuildConfiguration section */
		631612851AB8D2A3006EA71C /* Debug */ = {
			isa = XCBuildConfiguration;
			buildSettings = {
				ALWAYS_SEARCH_USER_PATHS = NO;
				CLANG_CXX_LANGUAGE_STANDARD = "gnu++0x";
				CLANG_CXX_LIBRARY = "libc++";
				CLANG_ENABLE_MODULES = YES;
				CLANG_ENABLE_OBJC_ARC = YES;
				CLANG_WARN_BOOL_CONVERSION = YES;
				CLANG_WARN_CONSTANT_CONVERSION = YES;
				CLANG_WARN_DIRECT_OBJC_ISA_USAGE = YES_ERROR;
				CLANG_WARN_EMPTY_BODY = YES;
				CLANG_WARN_ENUM_CONVERSION = YES;
				CLANG_WARN_INT_CONVERSION = YES;
				CLANG_WARN_OBJC_ROOT_CLASS = YES_ERROR;
				CLANG_WARN_UNREACHABLE_CODE = YES;
				CLANG_WARN__DUPLICATE_METHOD_MATCH = YES;
				"CODE_SIGN_IDENTITY[sdk=iphoneos*]" = "iPhone Developer";
				COPY_PHASE_STRIP = NO;
				ENABLE_STRICT_OBJC_MSGSEND = YES;
				GCC_C_LANGUAGE_STANDARD = gnu99;
				GCC_DYNAMIC_NO_PIC = NO;
				GCC_OPTIMIZATION_LEVEL = 0;
				GCC_PREPROCESSOR_DEFINITIONS = (
					"DEBUG=1",
					"$(inherited)",
				);
				GCC_SYMBOLS_PRIVATE_EXTERN = NO;
				GCC_WARN_64_TO_32_BIT_CONVERSION = YES;
				GCC_WARN_ABOUT_RETURN_TYPE = YES_ERROR;
				GCC_WARN_UNDECLARED_SELECTOR = YES;
				GCC_WARN_UNINITIALIZED_AUTOS = YES_AGGRESSIVE;
				GCC_WARN_UNUSED_FUNCTION = YES;
				GCC_WARN_UNUSED_VARIABLE = YES;
				IPHONEOS_DEPLOYMENT_TARGET = 8.1;
				MTL_ENABLE_DEBUG_INFO = YES;
				ONLY_ACTIVE_ARCH = YES;
				SDKROOT = iphoneos;
			};
			name = Debug;
		};
		631612861AB8D2A3006EA71C /* Release */ = {
			isa = XCBuildConfiguration;
			buildSettings = {
				ALWAYS_SEARCH_USER_PATHS = NO;
				CLANG_CXX_LANGUAGE_STANDARD = "gnu++0x";
				CLANG_CXX_LIBRARY = "libc++";
				CLANG_ENABLE_MODULES = YES;
				CLANG_ENABLE_OBJC_ARC = YES;
				CLANG_WARN_BOOL_CONVERSION = YES;
				CLANG_WARN_CONSTANT_CONVERSION = YES;
				CLANG_WARN_DIRECT_OBJC_ISA_USAGE = YES_ERROR;
				CLANG_WARN_EMPTY_BODY = YES;
				CLANG_WARN_ENUM_CONVERSION = YES;
				CLANG_WARN_INT_CONVERSION = YES;
				CLANG_WARN_OBJC_ROOT_CLASS = YES_ERROR;
				CLANG_WARN_UNREACHABLE_CODE = YES;
				CLANG_WARN__DUPLICATE_METHOD_MATCH = YES;
				"CODE_SIGN_IDENTITY[sdk=iphoneos*]" = "iPhone Developer";
				COPY_PHASE_STRIP = YES;
				ENABLE_NS_ASSERTIONS = NO;
				ENABLE_STRICT_OBJC_MSGSEND = YES;
				GCC_C_LANGUAGE_STANDARD = gnu99;
				GCC_WARN_64_TO_32_BIT_CONVERSION = YES;
				GCC_WARN_ABOUT_RETURN_TYPE = YES_ERROR;
				GCC_WARN_UNDECLARED_SELECTOR = YES;
				GCC_WARN_UNINITIALIZED_AUTOS = YES_AGGRESSIVE;
				GCC_WARN_UNUSED_FUNCTION = YES;
				GCC_WARN_UNUSED_VARIABLE = YES;
				IPHONEOS_DEPLOYMENT_TARGET = 8.1;
				MTL_ENABLE_DEBUG_INFO = NO;
				SDKROOT = iphoneos;
				VALIDATE_PRODUCT = YES;
			};
			name = Release;
		};
		631612881AB8D2A3006EA71C /* Debug */ = {
			isa = XCBuildConfiguration;
			buildSettings = {
				ASSETCATALOG_COMPILER_APPICON_NAME = AppIcon;
				CLANG_ALLOW_NON_MODULAR_INCLUDES_IN_FRAMEWORK_MODULES = YES;
				CODE_SIGN_ENTITLEMENTS = "Download Manager/Download Manager.entitlements";
				CODE_SIGN_IDENTITY = "iPhone Developer";
				"CODE_SIGN_IDENTITY[sdk=iphoneos*]" = "iPhone Developer";
				FRAMEWORK_SEARCH_PATHS = (
					"$(inherited)",
					"$(USER_LIBRARY_DIR)/Developer/Xcode/DerivedData/CLFileNavigator-fppatfwqdosecackugdmsglaxzmk/Build/Products/Debug-iphoneos",
				);
				INFOPLIST_FILE = "Download Manager/Info.plist";
				IPHONEOS_DEPLOYMENT_TARGET = 8.0;
				LD_RUNPATH_SEARCH_PATHS = "$(inherited) @executable_path/Frameworks";
				LIBRARY_SEARCH_PATHS = (
					"$(inherited)",
					"$(USER_LIBRARY_DIR)/Developer/Xcode/DerivedData/libid3-ghovvoqthcpkzxdjvvjowxpfunsq/Build/Products/Debug-iphoneos",
					"$(PROJECT_DIR)",
					"/Users/christopherloonam/Downloads/taglib-1.9.1/taglib/Debug-iphoneos",
				);
				PRODUCT_NAME = "$(TARGET_NAME)";
				PROVISIONING_PROFILE = "";
			};
			name = Debug;
		};
		631612891AB8D2A3006EA71C /* Release */ = {
			isa = XCBuildConfiguration;
			buildSettings = {
				ASSETCATALOG_COMPILER_APPICON_NAME = AppIcon;
				CLANG_ALLOW_NON_MODULAR_INCLUDES_IN_FRAMEWORK_MODULES = YES;
				CODE_SIGN_ENTITLEMENTS = "Download Manager/Download Manager.entitlements";
				CODE_SIGN_IDENTITY = "iPhone Developer";
				"CODE_SIGN_IDENTITY[sdk=iphoneos*]" = "iPhone Developer";
				FRAMEWORK_SEARCH_PATHS = (
					"$(inherited)",
					"$(USER_LIBRARY_DIR)/Developer/Xcode/DerivedData/CLFileNavigator-fppatfwqdosecackugdmsglaxzmk/Build/Products/Debug-iphoneos",
				);
				INFOPLIST_FILE = "Download Manager/Info.plist";
				IPHONEOS_DEPLOYMENT_TARGET = 8.0;
				LD_RUNPATH_SEARCH_PATHS = "$(inherited) @executable_path/Frameworks";
				LIBRARY_SEARCH_PATHS = (
					"$(inherited)",
					"$(USER_LIBRARY_DIR)/Developer/Xcode/DerivedData/libid3-ghovvoqthcpkzxdjvvjowxpfunsq/Build/Products/Debug-iphoneos",
					"$(PROJECT_DIR)",
					"/Users/christopherloonam/Downloads/taglib-1.9.1/taglib/Debug-iphoneos",
				);
				PRODUCT_NAME = "$(TARGET_NAME)";
				PROVISIONING_PROFILE = "";
			};
			name = Release;
		};
/* End XCBuildConfiguration section */

/* Begin XCConfigurationList section */
		6316125F1AB8D296006EA71C /* Build configuration list for PBXProject "Download Manager" */ = {
			isa = XCConfigurationList;
			buildConfigurations = (
				631612851AB8D2A3006EA71C /* Debug */,
				631612861AB8D2A3006EA71C /* Release */,
			);
			defaultConfigurationIsVisible = 0;
			defaultConfigurationName = Release;
		};
		631612871AB8D2A3006EA71C /* Build configuration list for PBXNativeTarget "Download Manager" */ = {
			isa = XCConfigurationList;
			buildConfigurations = (
				631612881AB8D2A3006EA71C /* Debug */,
				631612891AB8D2A3006EA71C /* Release */,
			);
			defaultConfigurationIsVisible = 0;
			defaultConfigurationName = Release;
		};
/* End XCConfigurationList section */
	};
	rootObject = 6316125C1AB8D296006EA71C /* Project object */;
}
